{
  "name": "cyboard-imprint-workbench",
  "version": "1.0.0",
  "lockfileVersion": 3,
  "requires": true,
  "packages": {
    "": {
      "name": "cyboard-imprint-workbench",
      "version": "1.0.0",
      "dependencies": {
        "yauzl": "3.4.0"
      },
      "devDependencies": {
        "electrobun": "2.0.2"
      },
      "engines": {
        "node": ">=24"
      }
    },
    "node_modules/electrobun": {
      "version": "2.0.2",
      "resolved": "https://registry.npmjs.org/electrobun/-/electrobun-2.0.2.tgz",
      "integrity": "sha512-UDs2iTNs6qYCzdWiFch/0DtxrsijNDr1WFDQfRmSA3Iouv0iEzyCF5mh4uDxkwNnAbuwFyow36EiVTYP4DRzig==",
      "dev": true,
      "license": "MIT",
      "bin": {
        "electrobun": "bin/electrobun.cjs"
      },
      "engines": {
        "node": ">=18"
      }
    },
    "node_modules/pend": {
      "version": "1.2.0",
      "resolved": "https://registry.npmjs.org/pend/-/pend-1.2.0.tgz",
      "integrity": "sha512-F3asv42UuXchdzt+xXqfW1OGlVBe+mxa2mqI0pg5yAHZPvFmY3Y6drSf/GQ1A86WgWEN9Kzh/WrgKa6iGcHXLg==",
      "license": "MIT"
    },
    "node_modules/yauzl": {
      "version": "3.4.0",
      "resolved": "https://registry.npmjs.org/yauzl/-/yauzl-3.4.0.tgz",
      "integrity": "sha512-jIH9yLR9wqr0wOS0TpBvo/g/2UgZH5qePVbjgRliiF0BYvOZyaBknKsF+x9Iht0O6sqgnB93rCICdOZFecJuDw==",
      "license": "MIT",
      "dependencies": {
        "pend": "~1.2.0"
      },
      "engines": {
        "node": ">=12"
      }
    }
  }
}
